
Microsoft Visual Studio Solution File, Format Version 12.00
# Visual Studio Version 17
VisualStudioVersion = 17.10.35004.147
MinimumVisualStudioVersion = 10.0.40219.1
Project("{8BC9CEB8-8B4A-11D0-8D11-00A0C91BC942}") = "Inha", "Inha\Inha.vcxproj", "{B43760E2-36CC-4F7D-8993-F3B9BB532E7D}"
EndProject
Project("{8BC9CEB8-8B4A-11D0-8D11-00A0C91BC942}") = "C++ Project", "C++ Project\C++ Project.vcxproj", "{F604C276-267F-4A29-B7B2-E73EAFBA6B50}"
EndProject
Project("{2150E333-8FDC-42A3-9474-1A3956D46DE8}") = "솔루션 항목", "솔루션 항목", "{7A009B3A-C4B4-4436-AD03-CB4DD7E4F143}"
EndProject
Project("{2150E333-8FDC-42A3-9474-1A3956D46DE8}") = "Solution Items", "Solution Items", "{DC9225E1-7430-450A-BAB3-2C845069AA66}"
EndProject
Project("{8BC9CEB8-8B4A-11D0-8D11-00A0C91BC942}") = "Chapter13_Class", "Chapter_Class\Chapter_Class.vcxproj", "{37753F32-F484-487F-9E9D-6EF3F94D57CE}"
EndProject
Project("{8BC9CEB8-8B4A-11D0-8D11-00A0C91BC942}") = "chapter15_FriendEct", "chapter15_FriendEct\chapter15_FriendEct.vcxproj", "{7B06599B-6449-41B7-BA56-C3B46EED7C1B}"
EndProject
Global
	GlobalSection(SolutionConfigurationPlatforms) = preSolution
		Debug|x64 = Debug|x64
		Debug|x86 = Debug|x86
		Release|x64 = Release|x64
		Release|x86 = Release|x86
	EndGlobalSection
	GlobalSection(ProjectConfigurationPlatforms) = postSolution
		{B43760E2-36CC-4F7D-8993-F3B9BB532E7D}.Debug|x64.ActiveCfg = Debug|x64
		{B43760E2-36CC-4F7D-8993-F3B9BB532E7D}.Debug|x64.Build.0 = Debug|x64
		{B43760E2-36CC-4F7D-8993-F3B9BB532E7D}.Debug|x86.ActiveCfg = Debug|Win32
		{B43760E2-36CC-4F7D-8993-F3B9BB532E7D}.Debug|x86.Build.0 = Debug|Win32
		{B43760E2-36CC-4F7D-8993-F3B9BB532E7D}.Release|x64.ActiveCfg = Release|x64
		{B43760E2-36CC-4F7D-8993-F3B9BB532E7D}.Release|x64.Build.0 = Release|x64
		{B43760E2-36CC-4F7D-8993-F3B9BB532E7D}.Release|x86.ActiveCfg = Release|Win32
		{B43760E2-36CC-4F7D-8993-F3B9BB532E7D}.Release|x86.Build.0 = Release|Win32
		{F604C276-267F-4A29-B7B2-E73EAFBA6B50}.Debug|x64.ActiveCfg = Debug|x64
		{F604C276-267F-4A29-B7B2-E73EAFBA6B50}.Debug|x64.Build.0 = Debug|x64
		{F604C276-267F-4A29-B7B2-E73EAFBA6B50}.Debug|x86.ActiveCfg = Debug|Win32
		{F604C276-267F-4A29-B7B2-E73EAFBA6B50}.Debug|x86.Build.0 = Debug|Win32
		{F604C276-267F-4A29-B7B2-E73EAFBA6B50}.Release|x64.ActiveCfg = Release|x64
		{F604C276-267F-4A29-B7B2-E73EAFBA6B50}.Release|x64.Build.0 = Release|x64
		{F604C276-267F-4A29-B7B2-E73EAFBA6B50}.Release|x86.ActiveCfg = Release|Win32
		{F604C276-267F-4A29-B7B2-E73EAFBA6B50}.Release|x86.Build.0 = Release|Win32
		{37753F32-F484-487F-9E9D-6EF3F94D57CE}.Debug|x64.ActiveCfg = Debug|x64
		{37753F32-F484-487F-9E9D-6EF3F94D57CE}.Debug|x64.Build.0 = Debug|x64
		{37753F32-F484-487F-9E9D-6EF3F94D57CE}.Debug|x86.ActiveCfg = Debug|Win32
		{37753F32-F484-487F-9E9D-6EF3F94D57CE}.Debug|x86.Build.0 = Debug|Win32
		{37753F32-F484-487F-9E9D-6EF3F94D57CE}.Release|x64.ActiveCfg = Release|x64
		{37753F32-F484-487F-9E9D-6EF3F94D57CE}.Release|x64.Build.0 = Release|x64
		{37753F32-F484-487F-9E9D-6EF3F94D57CE}.Release|x86.ActiveCfg = Release|Win32
		{37753F32-F484-487F-9E9D-6EF3F94D57CE}.Release|x86.Build.0 = Release|Win32
		{7B06599B-6449-41B7-BA56-C3B46EED7C1B}.Debug|x64.ActiveCfg = Debug|x64
		{7B06599B-6449-41B7-BA56-C3B46EED7C1B}.Debug|x64.Build.0 = Debug|x64
		{7B06599B-6449-41B7-BA56-C3B46EED7C1B}.Debug|x86.ActiveCfg = Debug|Win32
		{7B06599B-6449-41B7-BA56-C3B46EED7C1B}.Debug|x86.Build.0 = Debug|Win32
		{7B06599B-6449-41B7-BA56-C3B46EED7C1B}.Release|x64.ActiveCfg = Release|x64
		{7B06599B-6449-41B7-BA56-C3B46EED7C1B}.Release|x64.Build.0 = Release|x64
		{7B06599B-6449-41B7-BA56-C3B46EED7C1B}.Release|x86.ActiveCfg = Release|Win32
		{7B06599B-6449-41B7-BA56-C3B46EED7C1B}.Release|x86.Build.0 = Release|Win32
	EndGlobalSection
	GlobalSection(SolutionProperties) = preSolution
		HideSolutionNode = FALSE
	EndGlobalSection
	GlobalSection(ExtensibilityGlobals) = postSolution
		SolutionGuid = {C54FC8B7-9CC9-43AF-9ACD-0F6FF4AA301D}
	EndGlobalSection
EndGlobal
